
Microsoft Visual Studio Solution File, Format Version 12.00
# Visual Studio Version 17
VisualStudioVersion = 17.7.34024.191
MinimumVisualStudioVersion = 10.0.40219.1
Project("{FAE04EC0-301F-11D3-BF4B-00C04F79EFBC}") = "SAEBA", "SAEBA.csproj", "{05A0D501-D4C3-4297-BD7A-30C5CEDA6651}"
EndProject
Global
	GlobalSection(SolutionConfigurationPlatforms) = preSolution
		Debug|Any CPU = Debug|Any CPU
		Release|Any CPU = Release|Any CPU
	EndGlobalSection
	GlobalSection(ProjectConfigurationPlatforms) = postSolution
		{05A0D501-D4C3-4297-BD7A-30C5CEDA6651}.Debug|Any CPU.ActiveCfg = Debug|Any CPU
		{05A0D501-D4C3-4297-BD7A-30C5CEDA6651}.Debug|Any CPU.Build.0 = Debug|Any CPU
		{05A0D501-D4C3-4297-BD7A-30C5CEDA6651}.Release|Any CPU.ActiveCfg = Release|Any CPU
		{05A0D501-D4C3-4297-BD7A-30C5CEDA6651}.Release|Any CPU.Build.0 = Release|Any CPU
	EndGlobalSection
	GlobalSection(SolutionProperties) = preSolution
		HideSolutionNode = FALSE
	EndGlobalSection
	GlobalSection(ExtensibilityGlobals) = postSolution
		SolutionGuid = {588E1C6F-A216-4F76-86AF-16FEC2D5F874}
	EndGlobalSection
EndGlobal
